
Microsoft Visual Studio Solution File, Format Version 12.00
# Visual Studio 15
VisualStudioVersion = 15.0.27004.2002
MinimumVisualStudioVersion = 10.0.40219.1
Project("{2150E333-8FDC-42A3-9474-1A3956D46DE8}") = "src", "src", "{CE438F3D-E03D-4DF5-A4A1-6FA57576F9A4}"
EndProject
Project("{9A19103F-16F7-4668-BE54-9A1E7A4F7556}") = "EntityFrameworkCore.Scaffolding.Handlebars", "src\EntityFrameworkCore.Scaffolding.Handlebars\EntityFrameworkCore.Scaffolding.Handlebars.csproj", "{C8D8B5AB-0F65-4C22-AC7A-BB1350043757}"
EndProject
Project("{2150E333-8FDC-42A3-9474-1A3956D46DE8}") = "test", "test", "{0C310C69-DDCB-4A47-A286-601C74BE5D96}"
EndProject
Project("{9A19103F-16F7-4668-BE54-9A1E7A4F7556}") = "Scaffolding.Handlebars.Tests", "test\Scaffolding.Handlebars.Tests\Scaffolding.Handlebars.Tests.csproj", "{CF5E7978-FC4B-4620-8CDF-EA622B6159C0}"
EndProject
Global
	GlobalSection(SolutionConfigurationPlatforms) = preSolution
		Debug|Any CPU = Debug|Any CPU
		Release|Any CPU = Release|Any CPU
	EndGlobalSection
	GlobalSection(ProjectConfigurationPlatforms) = postSolution
		{C8D8B5AB-0F65-4C22-AC7A-BB1350043757}.Debug|Any CPU.ActiveCfg = Debug|Any CPU
		{C8D8B5AB-0F65-4C22-AC7A-BB1350043757}.Debug|Any CPU.Build.0 = Debug|Any CPU
		{C8D8B5AB-0F65-4C22-AC7A-BB1350043757}.Release|Any CPU.ActiveCfg = Release|Any CPU
		{C8D8B5AB-0F65-4C22-AC7A-BB1350043757}.Release|Any CPU.Build.0 = Release|Any CPU
		{CF5E7978-FC4B-4620-8CDF-EA622B6159C0}.Debug|Any CPU.ActiveCfg = Debug|Any CPU
		{CF5E7978-FC4B-4620-8CDF-EA622B6159C0}.Debug|Any CPU.Build.0 = Debug|Any CPU
		{CF5E7978-FC4B-4620-8CDF-EA622B6159C0}.Release|Any CPU.ActiveCfg = Release|Any CPU
		{CF5E7978-FC4B-4620-8CDF-EA622B6159C0}.Release|Any CPU.Build.0 = Release|Any CPU
	EndGlobalSection
	GlobalSection(SolutionProperties) = preSolution
		HideSolutionNode = FALSE
	EndGlobalSection
	GlobalSection(NestedProjects) = preSolution
		{C8D8B5AB-0F65-4C22-AC7A-BB1350043757} = {CE438F3D-E03D-4DF5-A4A1-6FA57576F9A4}
		{CF5E7978-FC4B-4620-8CDF-EA622B6159C0} = {0C310C69-DDCB-4A47-A286-601C74BE5D96}
	EndGlobalSection
	GlobalSection(ExtensibilityGlobals) = postSolution
		SolutionGuid = {15011E43-4689-4DD6-A1F4-C388E5012B58}
	EndGlobalSection
EndGlobal
