
Microsoft Visual Studio Solution File, Format Version 12.00
# Visual Studio Version 16
VisualStudioVersion = 16.0.29009.5
MinimumVisualStudioVersion = 10.0.40219.1
Project("{2150E333-8FDC-42A3-9474-1A3956D46DE8}") = "src", "src", "{CE438F3D-E03D-4DF5-A4A1-6FA57576F9A4}"
EndProject
Project("{9A19103F-16F7-4668-BE54-9A1E7A4F7556}") = "EntityFrameworkCore.Scaffolding.Handlebars", "src\EntityFrameworkCore.Scaffolding.Handlebars\EntityFrameworkCore.Scaffolding.Handlebars.csproj", "{C8D8B5AB-0F65-4C22-AC7A-BB1350043757}"
EndProject
Project("{2150E333-8FDC-42A3-9474-1A3956D46DE8}") = "test", "test", "{0C310C69-DDCB-4A47-A286-601C74BE5D96}"
EndProject
Project("{9A19103F-16F7-4668-BE54-9A1E7A4F7556}") = "Scaffolding.Handlebars.Tests", "test\Scaffolding.Handlebars.Tests\Scaffolding.Handlebars.Tests.csproj", "{CF5E7978-FC4B-4620-8CDF-EA622B6159C0}"
EndProject
Project("{2150E333-8FDC-42A3-9474-1A3956D46DE8}") = "Solution Items", "Solution Items", "{7C70A676-4947-49A1-87CD-DB51F0E42056}"
	ProjectSection(SolutionItems) = preProject
		LICENSE = LICENSE
		README.md = README.md
	EndProjectSection
EndProject
Project("{2150E333-8FDC-42A3-9474-1A3956D46DE8}") = "sample", "sample", "{B16E9B06-FE29-413E-B98F-6123DCB92394}"
EndProject
Project("{9A19103F-16F7-4668-BE54-9A1E7A4F7556}") = "ScaffoldingSample", "sample\ScaffoldingSample\ScaffoldingSample.csproj", "{02EC28F3-AA15-4429-9D49-6CE1F2ACCEFA}"
EndProject
Project("{9A19103F-16F7-4668-BE54-9A1E7A4F7556}") = "ScaffoldingSample.TypeScript", "sample\ScaffoldingSample.TypeScript\ScaffoldingSample.TypeScript.csproj", "{2713D6F6-6ADE-4E3F-8D07-30E19C14AD68}"
EndProject
Project("{9A19103F-16F7-4668-BE54-9A1E7A4F7556}") = "TemplatesAssembly", "sample\TemplatesAssembly\TemplatesAssembly.csproj", "{BA4575F5-1DDF-4E7D-A06E-09E56703C3FA}"
EndProject
Project("{9A19103F-16F7-4668-BE54-9A1E7A4F7556}") = "ScaffoldingSample.Embedded", "sample\ScaffoldingSample.Embedded\ScaffoldingSample.Embedded.csproj", "{9288FD98-43FC-4E6B-87FC-FC43E8071C07}"
EndProject
Project("{FAE04EC0-301F-11D3-BF4B-00C04F79EFBC}") = "ScaffoldingSample.Api", "sample\ScaffoldingSample.Api\ScaffoldingSample.Api.csproj", "{6D11B09D-28D2-47F5-B49B-4493C3051EF1}"
EndProject
Global
	GlobalSection(SolutionConfigurationPlatforms) = preSolution
		Debug|Any CPU = Debug|Any CPU
		Release|Any CPU = Release|Any CPU
	EndGlobalSection
	GlobalSection(ProjectConfigurationPlatforms) = postSolution
		{C8D8B5AB-0F65-4C22-AC7A-BB1350043757}.Debug|Any CPU.ActiveCfg = Debug|Any CPU
		{C8D8B5AB-0F65-4C22-AC7A-BB1350043757}.Debug|Any CPU.Build.0 = Debug|Any CPU
		{C8D8B5AB-0F65-4C22-AC7A-BB1350043757}.Release|Any CPU.ActiveCfg = Release|Any CPU
		{C8D8B5AB-0F65-4C22-AC7A-BB1350043757}.Release|Any CPU.Build.0 = Release|Any CPU
		{CF5E7978-FC4B-4620-8CDF-EA622B6159C0}.Debug|Any CPU.ActiveCfg = Debug|Any CPU
		{CF5E7978-FC4B-4620-8CDF-EA622B6159C0}.Debug|Any CPU.Build.0 = Debug|Any CPU
		{CF5E7978-FC4B-4620-8CDF-EA622B6159C0}.Release|Any CPU.ActiveCfg = Release|Any CPU
		{CF5E7978-FC4B-4620-8CDF-EA622B6159C0}.Release|Any CPU.Build.0 = Release|Any CPU
		{02EC28F3-AA15-4429-9D49-6CE1F2ACCEFA}.Debug|Any CPU.ActiveCfg = Debug|Any CPU
		{02EC28F3-AA15-4429-9D49-6CE1F2ACCEFA}.Debug|Any CPU.Build.0 = Debug|Any CPU
		{02EC28F3-AA15-4429-9D49-6CE1F2ACCEFA}.Release|Any CPU.ActiveCfg = Release|Any CPU
		{02EC28F3-AA15-4429-9D49-6CE1F2ACCEFA}.Release|Any CPU.Build.0 = Release|Any CPU
		{2713D6F6-6ADE-4E3F-8D07-30E19C14AD68}.Debug|Any CPU.ActiveCfg = Debug|Any CPU
		{2713D6F6-6ADE-4E3F-8D07-30E19C14AD68}.Debug|Any CPU.Build.0 = Debug|Any CPU
		{2713D6F6-6ADE-4E3F-8D07-30E19C14AD68}.Release|Any CPU.ActiveCfg = Release|Any CPU
		{2713D6F6-6ADE-4E3F-8D07-30E19C14AD68}.Release|Any CPU.Build.0 = Release|Any CPU
		{BA4575F5-1DDF-4E7D-A06E-09E56703C3FA}.Debug|Any CPU.ActiveCfg = Debug|Any CPU
		{BA4575F5-1DDF-4E7D-A06E-09E56703C3FA}.Debug|Any CPU.Build.0 = Debug|Any CPU
		{BA4575F5-1DDF-4E7D-A06E-09E56703C3FA}.Release|Any CPU.ActiveCfg = Release|Any CPU
		{BA4575F5-1DDF-4E7D-A06E-09E56703C3FA}.Release|Any CPU.Build.0 = Release|Any CPU
		{9288FD98-43FC-4E6B-87FC-FC43E8071C07}.Debug|Any CPU.ActiveCfg = Debug|Any CPU
		{9288FD98-43FC-4E6B-87FC-FC43E8071C07}.Debug|Any CPU.Build.0 = Debug|Any CPU
		{9288FD98-43FC-4E6B-87FC-FC43E8071C07}.Release|Any CPU.ActiveCfg = Release|Any CPU
		{9288FD98-43FC-4E6B-87FC-FC43E8071C07}.Release|Any CPU.Build.0 = Release|Any CPU
		{6D11B09D-28D2-47F5-B49B-4493C3051EF1}.Debug|Any CPU.ActiveCfg = Debug|Any CPU
		{6D11B09D-28D2-47F5-B49B-4493C3051EF1}.Debug|Any CPU.Build.0 = Debug|Any CPU
		{6D11B09D-28D2-47F5-B49B-4493C3051EF1}.Release|Any CPU.ActiveCfg = Release|Any CPU
		{6D11B09D-28D2-47F5-B49B-4493C3051EF1}.Release|Any CPU.Build.0 = Release|Any CPU
	EndGlobalSection
	GlobalSection(SolutionProperties) = preSolution
		HideSolutionNode = FALSE
	EndGlobalSection
	GlobalSection(NestedProjects) = preSolution
		{C8D8B5AB-0F65-4C22-AC7A-BB1350043757} = {CE438F3D-E03D-4DF5-A4A1-6FA57576F9A4}
		{CF5E7978-FC4B-4620-8CDF-EA622B6159C0} = {0C310C69-DDCB-4A47-A286-601C74BE5D96}
		{02EC28F3-AA15-4429-9D49-6CE1F2ACCEFA} = {B16E9B06-FE29-413E-B98F-6123DCB92394}
		{2713D6F6-6ADE-4E3F-8D07-30E19C14AD68} = {B16E9B06-FE29-413E-B98F-6123DCB92394}
		{BA4575F5-1DDF-4E7D-A06E-09E56703C3FA} = {B16E9B06-FE29-413E-B98F-6123DCB92394}
		{9288FD98-43FC-4E6B-87FC-FC43E8071C07} = {B16E9B06-FE29-413E-B98F-6123DCB92394}
		{6D11B09D-28D2-47F5-B49B-4493C3051EF1} = {B16E9B06-FE29-413E-B98F-6123DCB92394}
	EndGlobalSection
	GlobalSection(ExtensibilityGlobals) = postSolution
		SolutionGuid = {15011E43-4689-4DD6-A1F4-C388E5012B58}
	EndGlobalSection
EndGlobal
